
Microsoft Visual Studio Solution File, Format Version 12.00
# Visual Studio Version 16
VisualStudioVersion = 16.0.28803.202
MinimumVisualStudioVersion = 10.0.40219.1
Project("{FAE04EC0-301F-11D3-BF4B-00C04F79EFBC}") = "Ornek1", "Ornek1\Ornek1.csproj", "{DA0430C7-38B4-4ED8-8D5D-5788DF38EF1F}"
EndProject
Project("{FAE04EC0-301F-11D3-BF4B-00C04F79EFBC}") = "Ornek2", "Ornek2\Ornek2.csproj", "{B2A47E61-8266-41BD-864A-769A9ED2BA09}"
EndProject
Project("{FAE04EC0-301F-11D3-BF4B-00C04F79EFBC}") = "DBFirst_TelefonRehberiUygulamasi", "DBFirst_TelefonRehberiUygulamasi\DBFirst_TelefonRehberiUygulamasi.csproj", "{F2F9F96F-71C0-496B-A11F-78DC1944ADA3}"
EndProject
Global
	GlobalSection(SolutionConfigurationPlatforms) = preSolution
		Debug|Any CPU = Debug|Any CPU
		Release|Any CPU = Release|Any CPU
	EndGlobalSection
	GlobalSection(ProjectConfigurationPlatforms) = postSolution
		{DA0430C7-38B4-4ED8-8D5D-5788DF38EF1F}.Debug|Any CPU.ActiveCfg = Debug|Any CPU
		{DA0430C7-38B4-4ED8-8D5D-5788DF38EF1F}.Debug|Any CPU.Build.0 = Debug|Any CPU
		{DA0430C7-38B4-4ED8-8D5D-5788DF38EF1F}.Release|Any CPU.ActiveCfg = Release|Any CPU
		{DA0430C7-38B4-4ED8-8D5D-5788DF38EF1F}.Release|Any CPU.Build.0 = Release|Any CPU
		{B2A47E61-8266-41BD-864A-769A9ED2BA09}.Debug|Any CPU.ActiveCfg = Debug|Any CPU
		{B2A47E61-8266-41BD-864A-769A9ED2BA09}.Debug|Any CPU.Build.0 = Debug|Any CPU
		{B2A47E61-8266-41BD-864A-769A9ED2BA09}.Release|Any CPU.ActiveCfg = Release|Any CPU
		{B2A47E61-8266-41BD-864A-769A9ED2BA09}.Release|Any CPU.Build.0 = Release|Any CPU
		{F2F9F96F-71C0-496B-A11F-78DC1944ADA3}.Debug|Any CPU.ActiveCfg = Debug|Any CPU
		{F2F9F96F-71C0-496B-A11F-78DC1944ADA3}.Debug|Any CPU.Build.0 = Debug|Any CPU
		{F2F9F96F-71C0-496B-A11F-78DC1944ADA3}.Release|Any CPU.ActiveCfg = Release|Any CPU
		{F2F9F96F-71C0-496B-A11F-78DC1944ADA3}.Release|Any CPU.Build.0 = Release|Any CPU
	EndGlobalSection
	GlobalSection(SolutionProperties) = preSolution
		HideSolutionNode = FALSE
	EndGlobalSection
	GlobalSection(ExtensibilityGlobals) = postSolution
		SolutionGuid = {68914518-4E1C-47F0-B0BD-43B13B4337EE}
	EndGlobalSection
EndGlobal
